# THIS IS AN AUTOGENERATED FILE. DO NOT EDIT THIS FILE DIRECTLY.
# yarn lockfile v1


sal.js@^0.8.5:
  version "0.8.5"
  resolved "https://registry.yarnpkg.com/sal.js/-/sal.js-0.8.5.tgz#b5aa5227fbdd5fe9becc96ce58c9f3b0c3575420"
  integrity sha512-KUb3fNrVZ1oWxxkEAfQfQ4Mrd910yboIRHqsvioBkulQInqMVeSMah+J5f7ch7KXFLicKlAaE0TzTsG/eJ02Dg==
